
Microsoft Visual Studio Solution File, Format Version 12.00
# Visual Studio Version 16
VisualStudioVersion = 16.0.30611.23
MinimumVisualStudioVersion = 10.0.40219.1
Project("{9A19103F-16F7-4668-BE54-9A1E7A4F7556}") = "XprinterTest", "XprinterTest.csproj", "{8ABE60E9-25A5-477D-9DE0-D6F8D1EAB4F2}"
EndProject
Project("{FAE04EC0-301F-11D3-BF4B-00C04F79EFBC}") = "Xprinter.Net4.8", "..\Xprinter.Net4.8\Xprinter.Net4.8.csproj", "{FEDE6A1F-1488-4D9C-A39C-950F03CAF517}"
EndProject
Project("{FAE04EC0-301F-11D3-BF4B-00C04F79EFBC}") = "XPrinter46", "..\XPrinter46\XPrinter46.csproj", "{C70927BE-8F80-4992-A894-088094A90CB3}"
EndProject
Global
	GlobalSection(SolutionConfigurationPlatforms) = preSolution
		Debug|Any CPU = Debug|Any CPU
		Release|Any CPU = Release|Any CPU
	EndGlobalSection
	GlobalSection(ProjectConfigurationPlatforms) = postSolution
		{8ABE60E9-25A5-477D-9DE0-D6F8D1EAB4F2}.Debug|Any CPU.ActiveCfg = Debug|Any CPU
		{8ABE60E9-25A5-477D-9DE0-D6F8D1EAB4F2}.Debug|Any CPU.Build.0 = Debug|Any CPU
		{8ABE60E9-25A5-477D-9DE0-D6F8D1EAB4F2}.Release|Any CPU.ActiveCfg = Release|Any CPU
		{8ABE60E9-25A5-477D-9DE0-D6F8D1EAB4F2}.Release|Any CPU.Build.0 = Release|Any CPU
		{FEDE6A1F-1488-4D9C-A39C-950F03CAF517}.Debug|Any CPU.ActiveCfg = Debug|Any CPU
		{FEDE6A1F-1488-4D9C-A39C-950F03CAF517}.Debug|Any CPU.Build.0 = Debug|Any CPU
		{FEDE6A1F-1488-4D9C-A39C-950F03CAF517}.Release|Any CPU.ActiveCfg = Release|Any CPU
		{FEDE6A1F-1488-4D9C-A39C-950F03CAF517}.Release|Any CPU.Build.0 = Release|Any CPU
		{C70927BE-8F80-4992-A894-088094A90CB3}.Debug|Any CPU.ActiveCfg = Debug|Any CPU
		{C70927BE-8F80-4992-A894-088094A90CB3}.Debug|Any CPU.Build.0 = Debug|Any CPU
		{C70927BE-8F80-4992-A894-088094A90CB3}.Release|Any CPU.ActiveCfg = Release|Any CPU
		{C70927BE-8F80-4992-A894-088094A90CB3}.Release|Any CPU.Build.0 = Release|Any CPU
	EndGlobalSection
	GlobalSection(SolutionProperties) = preSolution
		HideSolutionNode = FALSE
	EndGlobalSection
	GlobalSection(ExtensibilityGlobals) = postSolution
		SolutionGuid = {ACA0724D-BE21-45BC-BC66-3DEBCDED07E8}
	EndGlobalSection
EndGlobal
